// !$*UTF8*$!
{
	archiveVersion = 1;
	classes = {
	};
	objectVersion = 46;
	objects = {

/* Begin PBXBuildFile section */
		95D628971AF6290200EA6507 /* AppDelegate.m in Sources */ = {isa = PBXBuildFile; fileRef = 95D628961AF6290200EA6507 /* AppDelegate.m */; };
		95D628991AF6290200EA6507 /* main.m in Sources */ = {isa = PBXBuildFile; fileRef = 95D628981AF6290200EA6507 /* main.m */; };
		95D6289C1AF6290200EA6507 /* ViewController.m in Sources */ = {isa = PBXBuildFile; fileRef = 95D6289B1AF6290200EA6507 /* ViewController.m */; };
		95D6289E1AF6290200EA6507 /* Images.xcassets in Resources */ = {isa = PBXBuildFile; fileRef = 95D6289D1AF6290200EA6507 /* Images.xcassets */; };
		95D628A11AF6290200EA6507 /* Main.storyboard in Resources */ = {isa = PBXBuildFile; fileRef = 95D6289F1AF6290200EA6507 /* Main.storyboard */; };
		95D628AD1AF6290200EA6507 /* SocketServerTests.m in Sources */ = {isa = PBXBuildFile; fileRef = 95D628AC1AF6290200EA6507 /* SocketServerTests.m */; };
		95D628B81AF6293900EA6507 /* ServerSocket.m in Sources */ = {isa = PBXBuildFile; fileRef = 95D628B71AF6293900EA6507 /* ServerSocket.m */; };
		95D628BE1AF6294900EA6507 /* AsyncSocket.m in Sources */ = {isa = PBXBuildFile; fileRef = 95D628BB1AF6294900EA6507 /* AsyncSocket.m */; };
		95D628BF1AF6294900EA6507 /* AsyncUdpSocket.m in Sources */ = {isa = PBXBuildFile; fileRef = 95D628BD1AF6294900EA6507 /* AsyncUdpSocket.m */; };
/* End PBXBuildFile section */

/* Begin PBXContainerItemProxy section */
		95D628A71AF6290200EA6507 /* PBXContainerItemProxy */ = {
			isa = PBXContainerItemProxy;
			containerPortal = 95D628881AF6290200EA6507 /* Project object */;
			proxyType = 1;
			remoteGlobalIDString = 95D6288F1AF6290200EA6507;
			remoteInfo = SocketServer;
		};
/* End PBXContainerItemProxy section */

/* Begin PBXFileReference section */
		95D628901AF6290200EA6507 /* SocketServer.app */ = {isa = PBXFileReference; explicitFileType = wrapper.application; includeInIndex = 0; path = SocketServer.app; sourceTree = BUILT_PRODUCTS_DIR; };
		95D628941AF6290200EA6507 /* Info.plist */ = {isa = PBXFileReference; lastKnownFileType = text.plist.xml; path = Info.plist; sourceTree = "<group>"; };
		95D628951AF6290200EA6507 /* AppDelegate.h */ = {isa = PBXFileReference; lastKnownFileType = sourcecode.c.h; path = AppDelegate.h; sourceTree = "<group>"; };
		95D628961AF6290200EA6507 /* AppDelegate.m */ = {isa = PBXFileReference; lastKnownFileType = sourcecode.c.objc; path = AppDelegate.m; sourceTree = "<group>"; };
		95D628981AF6290200EA6507 /* main.m */ = {isa = PBXFileReference; lastKnownFileType = sourcecode.c.objc; path = main.m; sourceTree = "<group>"; };
		95D6289A1AF6290200EA6507 /* ViewController.h */ = {isa = PBXFileReference; lastKnownFileType = sourcecode.c.h; path = ViewController.h; sourceTree = "<group>"; };
		95D6289B1AF6290200EA6507 /* ViewController.m */ = {isa = PBXFileReference; lastKnownFileType = sourcecode.c.objc; path = ViewController.m; sourceTree = "<group>"; };
		95D6289D1AF6290200EA6507 /* Images.xcassets */ = {isa = PBXFileReference; lastKnownFileType = folder.assetcatalog; path = Images.xcassets; sourceTree = "<group>"; };
		95D628A01AF6290200EA6507 /* Base */ = {isa = PBXFileReference; lastKnownFileType = file.storyboard; name = Base; path = Base.lproj/Main.storyboard; sourceTree = "<group>"; };
		95D628A61AF6290200EA6507 /* SocketServerTests.xctest */ = {isa = PBXFileReference; explicitFileType = wrapper.cfbundle; includeInIndex = 0; path = SocketServerTests.xctest; sourceTree = BUILT_PRODUCTS_DIR; };
		95D628AB1AF6290200EA6507 /* Info.plist */ = {isa = PBXFileReference; lastKnownFileType = text.plist.xml; path = Info.plist; sourceTree = "<group>"; };
		95D628AC1AF6290200EA6507 /* SocketServerTests.m */ = {isa = PBXFileReference; lastKnownFileType = sourcecode.c.objc; path = SocketServerTests.m; sourceTree = "<group>"; };
		95D628B61AF6293900EA6507 /* ServerSocket.h */ = {isa = PBXFileReference; fileEncoding = 4; lastKnownFileType = sourcecode.c.h; path = ServerSocket.h; sourceTree = "<group>"; };
		95D628B71AF6293900EA6507 /* ServerSocket.m */ = {isa = PBXFileReference; fileEncoding = 4; lastKnownFileType = sourcecode.c.objc; path = ServerSocket.m; sourceTree = "<group>"; };
		95D628BA1AF6294900EA6507 /* AsyncSocket.h */ = {isa = PBXFileReference; fileEncoding = 4; lastKnownFileType = sourcecode.c.h; path = AsyncSocket.h; sourceTree = "<group>"; };
		95D628BB1AF6294900EA6507 /* AsyncSocket.m */ = {isa = PBXFileReference; fileEncoding = 4; lastKnownFileType = sourcecode.c.objc; path = AsyncSocket.m; sourceTree = "<group>"; };
		95D628BC1AF6294900EA6507 /* AsyncUdpSocket.h */ = {isa = PBXFileReference; fileEncoding = 4; lastKnownFileType = sourcecode.c.h; path = AsyncUdpSocket.h; sourceTree = "<group>"; };
		95D628BD1AF6294900EA6507 /* AsyncUdpSocket.m */ = {isa = PBXFileReference; fileEncoding = 4; lastKnownFileType = sourcecode.c.objc; path = AsyncUdpSocket.m; sourceTree = "<group>"; };
/* End PBXFileReference section */

/* Begin PBXFrameworksBuildPhase section */
		95D6288D1AF6290200EA6507 /* Frameworks */ = {
			isa = PBXFrameworksBuildPhase;
			buildActionMask = 2147483647;
			files = (
			);
			runOnlyForDeploymentPostprocessing = 0;
		};
		95D628A31AF6290200EA6507 /* Frameworks */ = {
			isa = PBXFrameworksBuildPhase;
			buildActionMask = 2147483647;
			files = (
			);
			runOnlyForDeploymentPostprocessing = 0;
		};
/* End PBXFrameworksBuildPhase section */

/* Begin PBXGroup section */
		95D628871AF6290200EA6507 = {
			isa = PBXGroup;
			children = (
				95D628921AF6290200EA6507 /* SocketServer */,
				95D628A91AF6290200EA6507 /* SocketServerTests */,
				95D628911AF6290200EA6507 /* Products */,
			);
			sourceTree = "<group>";
		};
		95D628911AF6290200EA6507 /* Products */ = {
			isa = PBXGroup;
			children = (
				95D628901AF6290200EA6507 /* SocketServer.app */,
				95D628A61AF6290200EA6507 /* SocketServerTests.xctest */,
			);
			name = Products;
			sourceTree = "<group>";
		};
		95D628921AF6290200EA6507 /* SocketServer */ = {
			isa = PBXGroup;
			children = (
				95D628951AF6290200EA6507 /* AppDelegate.h */,
				95D628961AF6290200EA6507 /* AppDelegate.m */,
				95D6289A1AF6290200EA6507 /* ViewController.h */,
				95D6289B1AF6290200EA6507 /* ViewController.m */,
				95D628B61AF6293900EA6507 /* ServerSocket.h */,
				95D628B71AF6293900EA6507 /* ServerSocket.m */,
				95D628B91AF6294900EA6507 /* AsyncSocket */,
				95D6289D1AF6290200EA6507 /* Images.xcassets */,
				95D6289F1AF6290200EA6507 /* Main.storyboard */,
				95D628931AF6290200EA6507 /* Supporting Files */,
			);
			path = SocketServer;
			sourceTree = "<group>";
		};
		95D628931AF6290200EA6507 /* Supporting Files */ = {
			isa = PBXGroup;
			children = (
				95D628941AF6290200EA6507 /* Info.plist */,
				95D628981AF6290200EA6507 /* main.m */,
			);
			name = "Supporting Files";
			sourceTree = "<group>";
		};
		95D628A91AF6290200EA6507 /* SocketServerTests */ = {
			isa = PBXGroup;
			children = (
				95D628AC1AF6290200EA6507 /* SocketServerTests.m */,
				95D628AA1AF6290200EA6507 /* Supporting Files */,
			);
			path = SocketServerTests;
			sourceTree = "<group>";
		};
		95D628AA1AF6290200EA6507 /* Supporting Files */ = {
			isa = PBXGroup;
			children = (
				95D628AB1AF6290200EA6507 /* Info.plist */,
			);
			name = "Supporting Files";
			sourceTree = "<group>";
		};
		95D628B91AF6294900EA6507 /* AsyncSocket */ = {
			isa = PBXGroup;
			children = (
				95D628BA1AF6294900EA6507 /* AsyncSocket.h */,
				95D628BB1AF6294900EA6507 /* AsyncSocket.m */,
				95D628BC1AF6294900EA6507 /* AsyncUdpSocket.h */,
				95D628BD1AF6294900EA6507 /* AsyncUdpSocket.m */,
			);
			path = AsyncSocket;
			sourceTree = "<group>";
		};
/* End PBXGroup section */

/* Begin PBXNativeTarget section */
		95D6288F1AF6290200EA6507 /* SocketServer */ = {
			isa = PBXNativeTarget;
			buildConfigurationList = 95D628B01AF6290200EA6507 /* Build configuration list for PBXNativeTarget "SocketServer" */;
			buildPhases = (
				95D6288C1AF6290200EA6507 /* Sources */,
				95D6288D1AF6290200EA6507 /* Frameworks */,
				95D6288E1AF6290200EA6507 /* Resources */,
			);
			buildRules = (
			);
			dependencies = (
			);
			name = SocketServer;
			productName = SocketServer;
			productReference = 95D628901AF6290200EA6507 /* SocketServer.app */;
			productType = "com.apple.product-type.application";
		};
		95D628A51AF6290200EA6507 /* SocketServerTests */ = {
			isa = PBXNativeTarget;
			buildConfigurationList = 95D628B31AF6290200EA6507 /* Build configuration list for PBXNativeTarget "SocketServerTests" */;
			buildPhases = (
				95D628A21AF6290200EA6507 /* Sources */,
				95D628A31AF6290200EA6507 /* Frameworks */,
				95D628A41AF6290200EA6507 /* Resources */,
			);
			buildRules = (
			);
			dependencies = (
				95D628A81AF6290200EA6507 /* PBXTargetDependency */,
			);
			name = SocketServerTests;
			productName = SocketServerTests;
			productReference = 95D628A61AF6290200EA6507 /* SocketServerTests.xctest */;
			productType = "com.apple.product-type.bundle.unit-test";
		};
/* End PBXNativeTarget section */

/* Begin PBXProject section */
		95D628881AF6290200EA6507 /* Project object */ = {
			isa = PBXProject;
			attributes = {
				LastUpgradeCheck = 0610;
				ORGANIZATIONNAME = zhengMK;
				TargetAttributes = {
					95D6288F1AF6290200EA6507 = {
						CreatedOnToolsVersion = 6.1.1;
					};
					95D628A51AF6290200EA6507 = {
						CreatedOnToolsVersion = 6.1.1;
						TestTargetID = 95D6288F1AF6290200EA6507;
					};
				};
			};
			buildConfigurationList = 95D6288B1AF6290200EA6507 /* Build configuration list for PBXProject "SocketServer" */;
			compatibilityVersion = "Xcode 3.2";
			developmentRegion = English;
			hasScannedForEncodings = 0;
			knownRegions = (
				en,
				Base,
			);
			mainGroup = 95D628871AF6290200EA6507;
			productRefGroup = 95D628911AF6290200EA6507 /* Products */;
			projectDirPath = "";
			projectRoot = "";
			targets = (
				95D6288F1AF6290200EA6507 /* SocketServer */,
				95D628A51AF6290200EA6507 /* SocketServerTests */,
			);
		};
/* End PBXProject section */

/* Begin PBXResourcesBuildPhase section */
		95D6288E1AF6290200EA6507 /* Resources */ = {
			isa = PBXResourcesBuildPhase;
			buildActionMask = 2147483647;
			files = (
				95D6289E1AF6290200EA6507 /* Images.xcassets in Resources */,
				95D628A11AF6290200EA6507 /* Main.storyboard in Resources */,
			);
			runOnlyForDeploymentPostprocessing = 0;
		};
		95D628A41AF6290200EA6507 /* Resources */ = {
			isa = PBXResourcesBuildPhase;
			buildActionMask = 2147483647;
			files = (
			);
			runOnlyForDeploymentPostprocessing = 0;
		};
/* End PBXResourcesBuildPhase section */

/* Begin PBXSourcesBuildPhase section */
		95D6288C1AF6290200EA6507 /* Sources */ = {
			isa = PBXSourcesBuildPhase;
			buildActionMask = 2147483647;
			files = (
				95D6289C1AF6290200EA6507 /* ViewController.m in Sources */,
				95D628BE1AF6294900EA6507 /* AsyncSocket.m in Sources */,
				95D628B81AF6293900EA6507 /* ServerSocket.m in Sources */,
				95D628BF1AF6294900EA6507 /* AsyncUdpSocket.m in Sources */,
				95D628991AF6290200EA6507 /* main.m in Sources */,
				95D628971AF6290200EA6507 /* AppDelegate.m in Sources */,
			);
			runOnlyForDeploymentPostprocessing = 0;
		};
		95D628A21AF6290200EA6507 /* Sources */ = {
			isa = PBXSourcesBuildPhase;
			buildActionMask = 2147483647;
			files = (
				95D628AD1AF6290200EA6507 /* SocketServerTests.m in Sources */,
			);
			runOnlyForDeploymentPostprocessing = 0;
		};
/* End PBXSourcesBuildPhase section */

/* Begin PBXTargetDependency section */
		95D628A81AF6290200EA6507 /* PBXTargetDependency */ = {
			isa = PBXTargetDependency;
			target = 95D6288F1AF6290200EA6507 /* SocketServer */;
			targetProxy = 95D628A71AF6290200EA6507 /* PBXContainerItemProxy */;
		};
/* End PBXTargetDependency section */

/* Begin PBXVariantGroup section */
		95D6289F1AF6290200EA6507 /* Main.storyboard */ = {
			isa = PBXVariantGroup;
			children = (
				95D628A01AF6290200EA6507 /* Base */,
			);
			name = Main.storyboard;
			sourceTree = "<group>";
		};
/* End PBXVariantGroup section */

/* Begin XCBuildConfiguration section */
		95D628AE1AF6290200EA6507 /* Debug */ = {
			isa = XCBuildConfiguration;
			buildSettings = {
				ALWAYS_SEARCH_USER_PATHS = NO;
				CLANG_CXX_LANGUAGE_STANDARD = "gnu++0x";
				CLANG_CXX_LIBRARY = "libc++";
				CLANG_ENABLE_MODULES = YES;
				CLANG_ENABLE_OBJC_ARC = YES;
				CLANG_WARN_BOOL_CONVERSION = YES;
				CLANG_WARN_CONSTANT_CONVERSION = YES;
				CLANG_WARN_DIRECT_OBJC_ISA_USAGE = YES_ERROR;
				CLANG_WARN_EMPTY_BODY = YES;
				CLANG_WARN_ENUM_CONVERSION = YES;
				CLANG_WARN_INT_CONVERSION = YES;
				CLANG_WARN_OBJC_ROOT_CLASS = YES_ERROR;
				CLANG_WARN_UNREACHABLE_CODE = YES;
				CLANG_WARN__DUPLICATE_METHOD_MATCH = YES;
				CODE_SIGN_IDENTITY = "-";
				COPY_PHASE_STRIP = NO;
				ENABLE_STRICT_OBJC_MSGSEND = YES;
				GCC_C_LANGUAGE_STANDARD = gnu99;
				GCC_DYNAMIC_NO_PIC = NO;
				GCC_OPTIMIZATION_LEVEL = 0;
				GCC_PREPROCESSOR_DEFINITIONS = (
					"DEBUG=1",
					"$(inherited)",
				);
				GCC_SYMBOLS_PRIVATE_EXTERN = NO;
				GCC_WARN_64_TO_32_BIT_CONVERSION = YES;
				GCC_WARN_ABOUT_RETURN_TYPE = YES_ERROR;
				GCC_WARN_UNDECLARED_SELECTOR = YES;
				GCC_WARN_UNINITIALIZED_AUTOS = YES_AGGRESSIVE;
				GCC_WARN_UNUSED_FUNCTION = YES;
				GCC_WARN_UNUSED_VARIABLE = YES;
				MACOSX_DEPLOYMENT_TARGET = 10.10;
				MTL_ENABLE_DEBUG_INFO = YES;
				ONLY_ACTIVE_ARCH = YES;
				SDKROOT = macosx;
			};
			name = Debug;
		};
		95D628AF1AF6290200EA6507 /* Release */ = {
			isa = XCBuildConfiguration;
			buildSettings = {
				ALWAYS_SEARCH_USER_PATHS = NO;
				CLANG_CXX_LANGUAGE_STANDARD = "gnu++0x";
				CLANG_CXX_LIBRARY = "libc++";
				CLANG_ENABLE_MODULES = YES;
				CLANG_ENABLE_OBJC_ARC = YES;
				CLANG_WARN_BOOL_CONVERSION = YES;
				CLANG_WARN_CONSTANT_CONVERSION = YES;
				CLANG_WARN_DIRECT_OBJC_ISA_USAGE = YES_ERROR;
				CLANG_WARN_EMPTY_BODY = YES;
				CLANG_WARN_ENUM_CONVERSION = YES;
				CLANG_WARN_INT_CONVERSION = YES;
				CLANG_WARN_OBJC_ROOT_CLASS = YES_ERROR;
				CLANG_WARN_UNREACHABLE_CODE = YES;
				CLANG_WARN__DUPLICATE_METHOD_MATCH = YES;
				CODE_SIGN_IDENTITY = "-";
				COPY_PHASE_STRIP = YES;
				DEBUG_INFORMATION_FORMAT = "dwarf-with-dsym";
				ENABLE_NS_ASSERTIONS = NO;
				ENABLE_STRICT_OBJC_MSGSEND = YES;
				GCC_C_LANGUAGE_STANDARD = gnu99;
				GCC_WARN_64_TO_32_BIT_CONVERSION = YES;
				GCC_WARN_ABOUT_RETURN_TYPE = YES_ERROR;
				GCC_WARN_UNDECLARED_SELECTOR = YES;
				GCC_WARN_UNINITIALIZED_AUTOS = YES_AGGRESSIVE;
				GCC_WARN_UNUSED_FUNCTION = YES;
				GCC_WARN_UNUSED_VARIABLE = YES;
				MACOSX_DEPLOYMENT_TARGET = 10.10;
				MTL_ENABLE_DEBUG_INFO = NO;
				SDKROOT = macosx;
			};
			name = Release;
		};
		95D628B11AF6290200EA6507 /* Debug */ = {
			isa = XCBuildConfiguration;
			buildSettings = {
				ASSETCATALOG_COMPILER_APPICON_NAME = AppIcon;
				COMBINE_HIDPI_IMAGES = YES;
				INFOPLIST_FILE = SocketServer/Info.plist;
				LD_RUNPATH_SEARCH_PATHS = "$(inherited) @executable_path/../Frameworks";
				PRODUCT_NAME = "$(TARGET_NAME)";
			};
			name = Debug;
		};
		95D628B21AF6290200EA6507 /* Release */ = {
			isa = XCBuildConfiguration;
			buildSettings = {
				ASSETCATALOG_COMPILER_APPICON_NAME = AppIcon;
				COMBINE_HIDPI_IMAGES = YES;
				INFOPLIST_FILE = SocketServer/Info.plist;
				LD_RUNPATH_SEARCH_PATHS = "$(inherited) @executable_path/../Frameworks";
				PRODUCT_NAME = "$(TARGET_NAME)";
			};
			name = Release;
		};
		95D628B41AF6290200EA6507 /* Debug */ = {
			isa = XCBuildConfiguration;
			buildSettings = {
				BUNDLE_LOADER = "$(TEST_HOST)";
				COMBINE_HIDPI_IMAGES = YES;
				FRAMEWORK_SEARCH_PATHS = (
					"$(DEVELOPER_FRAMEWORKS_DIR)",
					"$(inherited)",
				);
				GCC_PREPROCESSOR_DEFINITIONS = (
					"DEBUG=1",
					"$(inherited)",
				);
				INFOPLIST_FILE = SocketServerTests/Info.plist;
				LD_RUNPATH_SEARCH_PATHS = "$(inherited) @executable_path/../Frameworks @loader_path/../Frameworks";
				PRODUCT_NAME = "$(TARGET_NAME)";
				TEST_HOST = "$(BUILT_PRODUCTS_DIR)/SocketServer.app/Contents/MacOS/SocketServer";
			};
			name = Debug;
		};
		95D628B51AF6290200EA6507 /* Release */ = {
			isa = XCBuildConfiguration;
			buildSettings = {
				BUNDLE_LOADER = "$(TEST_HOST)";
				COMBINE_HIDPI_IMAGES = YES;
				FRAMEWORK_SEARCH_PATHS = (
					"$(DEVELOPER_FRAMEWORKS_DIR)",
					"$(inherited)",
				);
				INFOPLIST_FILE = SocketServerTests/Info.plist;
				LD_RUNPATH_SEARCH_PATHS = "$(inherited) @executable_path/../Frameworks @loader_path/../Frameworks";
				PRODUCT_NAME = "$(TARGET_NAME)";
				TEST_HOST = "$(BUILT_PRODUCTS_DIR)/SocketServer.app/Contents/MacOS/SocketServer";
			};
			name = Release;
		};
/* End XCBuildConfiguration section */

/* Begin XCConfigurationList section */
		95D6288B1AF6290200EA6507 /* Build configuration list for PBXProject "SocketServer" */ = {
			isa = XCConfigurationList;
			buildConfigurations = (
				95D628AE1AF6290200EA6507 /* Debug */,
				95D628AF1AF6290200EA6507 /* Release */,
			);
			defaultConfigurationIsVisible = 0;
			defaultConfigurationName = Release;
		};
		95D628B01AF6290200EA6507 /* Build configuration list for PBXNativeTarget "SocketServer" */ = {
			isa = XCConfigurationList;
			buildConfigurations = (
				95D628B11AF6290200EA6507 /* Debug */,
				95D628B21AF6290200EA6507 /* Release */,
			);
			defaultConfigurationIsVisible = 0;
		};
		95D628B31AF6290200EA6507 /* Build configuration list for PBXNativeTarget "SocketServerTests" */ = {
			isa = XCConfigurationList;
			buildConfigurations = (
				95D628B41AF6290200EA6507 /* Debug */,
				95D628B51AF6290200EA6507 /* Release */,
			);
			defaultConfigurationIsVisible = 0;
		};
/* End XCConfigurationList section */
	};
	rootObject = 95D628881AF6290200EA6507 /* Project object */;
}
